
Microsoft Visual Studio Solution File, Format Version 12.00
# Visual Studio 14
VisualStudioVersion = 14.0.25123.0
MinimumVisualStudioVersion = 10.0.40219.1
Project("{FAE04EC0-301F-11D3-BF4B-00C04F79EFBC}") = "WeatherOrNot.Droid", "WeatherOrNot\WeatherOrNot.Droid\WeatherOrNot.Droid.csproj", "{070A6E50-6BBC-4F3C-BC94-686A380596E7}"
EndProject
Project("{FAE04EC0-301F-11D3-BF4B-00C04F79EFBC}") = "WeatherOrNot.iOS", "WeatherOrNot\WeatherOrNot.iOS\WeatherOrNot.iOS.csproj", "{A1E5A774-6454-41EB-BD32-19998E00BD69}"
EndProject
Project("{FAE04EC0-301F-11D3-BF4B-00C04F79EFBC}") = "WeatherOrNot.WinPhone", "WeatherOrNot\WeatherOrNot.WinPhone\WeatherOrNot.WinPhone.csproj", "{01BD95A4-D9EE-4A19-B9C1-C8E57BA8AD16}"
EndProject
Project("{FAE04EC0-301F-11D3-BF4B-00C04F79EFBC}") = "WeatherOrNot", "WeatherOrNot\WeatherOrNot\WeatherOrNot.csproj", "{F62139DC-0882-4DF7-A9BD-DAECC2499C94}"
EndProject
Global
	GlobalSection(SolutionConfigurationPlatforms) = preSolution
		Debug|Any CPU = Debug|Any CPU
		Debug|ARM = Debug|ARM
		Debug|iPhone = Debug|iPhone
		Debug|iPhoneSimulator = Debug|iPhoneSimulator
		Debug|x86 = Debug|x86
		Release|Any CPU = Release|Any CPU
		Release|ARM = Release|ARM
		Release|iPhone = Release|iPhone
		Release|iPhoneSimulator = Release|iPhoneSimulator
		Release|x86 = Release|x86
	EndGlobalSection
	GlobalSection(ProjectConfigurationPlatforms) = postSolution
		{070A6E50-6BBC-4F3C-BC94-686A380596E7}.Debug|Any CPU.ActiveCfg = Debug|Any CPU
		{070A6E50-6BBC-4F3C-BC94-686A380596E7}.Debug|Any CPU.Build.0 = Debug|Any CPU
		{070A6E50-6BBC-4F3C-BC94-686A380596E7}.Debug|Any CPU.Deploy.0 = Debug|Any CPU
		{070A6E50-6BBC-4F3C-BC94-686A380596E7}.Debug|ARM.ActiveCfg = Debug|Any CPU
		{070A6E50-6BBC-4F3C-BC94-686A380596E7}.Debug|ARM.Build.0 = Debug|Any CPU
		{070A6E50-6BBC-4F3C-BC94-686A380596E7}.Debug|ARM.Deploy.0 = Debug|Any CPU
		{070A6E50-6BBC-4F3C-BC94-686A380596E7}.Debug|iPhone.ActiveCfg = Debug|Any CPU
		{070A6E50-6BBC-4F3C-BC94-686A380596E7}.Debug|iPhone.Build.0 = Debug|Any CPU
		{070A6E50-6BBC-4F3C-BC94-686A380596E7}.Debug|iPhone.Deploy.0 = Debug|Any CPU
		{070A6E50-6BBC-4F3C-BC94-686A380596E7}.Debug|iPhoneSimulator.ActiveCfg = Debug|Any CPU
		{070A6E50-6BBC-4F3C-BC94-686A380596E7}.Debug|iPhoneSimulator.Build.0 = Debug|Any CPU
		{070A6E50-6BBC-4F3C-BC94-686A380596E7}.Debug|iPhoneSimulator.Deploy.0 = Debug|Any CPU
		{070A6E50-6BBC-4F3C-BC94-686A380596E7}.Debug|x86.ActiveCfg = Debug|Any CPU
		{070A6E50-6BBC-4F3C-BC94-686A380596E7}.Debug|x86.Build.0 = Debug|Any CPU
		{070A6E50-6BBC-4F3C-BC94-686A380596E7}.Debug|x86.Deploy.0 = Debug|Any CPU
		{070A6E50-6BBC-4F3C-BC94-686A380596E7}.Release|Any CPU.ActiveCfg = Release|Any CPU
		{070A6E50-6BBC-4F3C-BC94-686A380596E7}.Release|Any CPU.Build.0 = Release|Any CPU
		{070A6E50-6BBC-4F3C-BC94-686A380596E7}.Release|Any CPU.Deploy.0 = Release|Any CPU
		{070A6E50-6BBC-4F3C-BC94-686A380596E7}.Release|ARM.ActiveCfg = Release|Any CPU
		{070A6E50-6BBC-4F3C-BC94-686A380596E7}.Release|ARM.Build.0 = Release|Any CPU
		{070A6E50-6BBC-4F3C-BC94-686A380596E7}.Release|ARM.Deploy.0 = Release|Any CPU
		{070A6E50-6BBC-4F3C-BC94-686A380596E7}.Release|iPhone.ActiveCfg = Release|Any CPU
		{070A6E50-6BBC-4F3C-BC94-686A380596E7}.Release|iPhone.Build.0 = Release|Any CPU
		{070A6E50-6BBC-4F3C-BC94-686A380596E7}.Release|iPhone.Deploy.0 = Release|Any CPU
		{070A6E50-6BBC-4F3C-BC94-686A380596E7}.Release|iPhoneSimulator.ActiveCfg = Release|Any CPU
		{070A6E50-6BBC-4F3C-BC94-686A380596E7}.Release|iPhoneSimulator.Build.0 = Release|Any CPU
		{070A6E50-6BBC-4F3C-BC94-686A380596E7}.Release|iPhoneSimulator.Deploy.0 = Release|Any CPU
		{070A6E50-6BBC-4F3C-BC94-686A380596E7}.Release|x86.ActiveCfg = Release|Any CPU
		{070A6E50-6BBC-4F3C-BC94-686A380596E7}.Release|x86.Build.0 = Release|Any CPU
		{070A6E50-6BBC-4F3C-BC94-686A380596E7}.Release|x86.Deploy.0 = Release|Any CPU
		{A1E5A774-6454-41EB-BD32-19998E00BD69}.Debug|Any CPU.ActiveCfg = Debug|iPhone
		{A1E5A774-6454-41EB-BD32-19998E00BD69}.Debug|ARM.ActiveCfg = Debug|iPhone
		{A1E5A774-6454-41EB-BD32-19998E00BD69}.Debug|iPhone.ActiveCfg = Debug|iPhone
		{A1E5A774-6454-41EB-BD32-19998E00BD69}.Debug|iPhone.Build.0 = Debug|iPhone
		{A1E5A774-6454-41EB-BD32-19998E00BD69}.Debug|iPhoneSimulator.ActiveCfg = Debug|iPhoneSimulator
		{A1E5A774-6454-41EB-BD32-19998E00BD69}.Debug|iPhoneSimulator.Build.0 = Debug|iPhoneSimulator
		{A1E5A774-6454-41EB-BD32-19998E00BD69}.Debug|x86.ActiveCfg = Debug|iPhone
		{A1E5A774-6454-41EB-BD32-19998E00BD69}.Release|Any CPU.ActiveCfg = Release|iPhone
		{A1E5A774-6454-41EB-BD32-19998E00BD69}.Release|ARM.ActiveCfg = Release|iPhone
		{A1E5A774-6454-41EB-BD32-19998E00BD69}.Release|iPhone.ActiveCfg = Release|iPhone
		{A1E5A774-6454-41EB-BD32-19998E00BD69}.Release|iPhone.Build.0 = Release|iPhone
		{A1E5A774-6454-41EB-BD32-19998E00BD69}.Release|iPhoneSimulator.ActiveCfg = Release|iPhoneSimulator
		{A1E5A774-6454-41EB-BD32-19998E00BD69}.Release|iPhoneSimulator.Build.0 = Release|iPhoneSimulator
		{A1E5A774-6454-41EB-BD32-19998E00BD69}.Release|x86.ActiveCfg = Release|iPhone
		{01BD95A4-D9EE-4A19-B9C1-C8E57BA8AD16}.Debug|Any CPU.ActiveCfg = Debug|Any CPU
		{01BD95A4-D9EE-4A19-B9C1-C8E57BA8AD16}.Debug|Any CPU.Build.0 = Debug|Any CPU
		{01BD95A4-D9EE-4A19-B9C1-C8E57BA8AD16}.Debug|Any CPU.Deploy.0 = Debug|Any CPU
		{01BD95A4-D9EE-4A19-B9C1-C8E57BA8AD16}.Debug|ARM.ActiveCfg = Debug|ARM
		{01BD95A4-D9EE-4A19-B9C1-C8E57BA8AD16}.Debug|ARM.Build.0 = Debug|ARM
		{01BD95A4-D9EE-4A19-B9C1-C8E57BA8AD16}.Debug|ARM.Deploy.0 = Debug|ARM
		{01BD95A4-D9EE-4A19-B9C1-C8E57BA8AD16}.Debug|iPhone.ActiveCfg = Debug|Any CPU
		{01BD95A4-D9EE-4A19-B9C1-C8E57BA8AD16}.Debug|iPhone.Build.0 = Debug|Any CPU
		{01BD95A4-D9EE-4A19-B9C1-C8E57BA8AD16}.Debug|iPhone.Deploy.0 = Debug|Any CPU
		{01BD95A4-D9EE-4A19-B9C1-C8E57BA8AD16}.Debug|iPhoneSimulator.ActiveCfg = Debug|Any CPU
		{01BD95A4-D9EE-4A19-B9C1-C8E57BA8AD16}.Debug|iPhoneSimulator.Build.0 = Debug|Any CPU
		{01BD95A4-D9EE-4A19-B9C1-C8E57BA8AD16}.Debug|iPhoneSimulator.Deploy.0 = Debug|Any CPU
		{01BD95A4-D9EE-4A19-B9C1-C8E57BA8AD16}.Debug|x86.ActiveCfg = Debug|x86
		{01BD95A4-D9EE-4A19-B9C1-C8E57BA8AD16}.Debug|x86.Build.0 = Debug|x86
		{01BD95A4-D9EE-4A19-B9C1-C8E57BA8AD16}.Debug|x86.Deploy.0 = Debug|x86
		{01BD95A4-D9EE-4A19-B9C1-C8E57BA8AD16}.Release|Any CPU.ActiveCfg = Release|Any CPU
		{01BD95A4-D9EE-4A19-B9C1-C8E57BA8AD16}.Release|Any CPU.Build.0 = Release|Any CPU
		{01BD95A4-D9EE-4A19-B9C1-C8E57BA8AD16}.Release|Any CPU.Deploy.0 = Release|Any CPU
		{01BD95A4-D9EE-4A19-B9C1-C8E57BA8AD16}.Release|ARM.ActiveCfg = Release|ARM
		{01BD95A4-D9EE-4A19-B9C1-C8E57BA8AD16}.Release|ARM.Build.0 = Release|ARM
		{01BD95A4-D9EE-4A19-B9C1-C8E57BA8AD16}.Release|ARM.Deploy.0 = Release|ARM
		{01BD95A4-D9EE-4A19-B9C1-C8E57BA8AD16}.Release|iPhone.ActiveCfg = Release|Any CPU
		{01BD95A4-D9EE-4A19-B9C1-C8E57BA8AD16}.Release|iPhone.Build.0 = Release|Any CPU
		{01BD95A4-D9EE-4A19-B9C1-C8E57BA8AD16}.Release|iPhone.Deploy.0 = Release|Any CPU
		{01BD95A4-D9EE-4A19-B9C1-C8E57BA8AD16}.Release|iPhoneSimulator.ActiveCfg = Release|Any CPU
		{01BD95A4-D9EE-4A19-B9C1-C8E57BA8AD16}.Release|iPhoneSimulator.Build.0 = Release|Any CPU
		{01BD95A4-D9EE-4A19-B9C1-C8E57BA8AD16}.Release|iPhoneSimulator.Deploy.0 = Release|Any CPU
		{01BD95A4-D9EE-4A19-B9C1-C8E57BA8AD16}.Release|x86.ActiveCfg = Release|x86
		{01BD95A4-D9EE-4A19-B9C1-C8E57BA8AD16}.Release|x86.Build.0 = Release|x86
		{01BD95A4-D9EE-4A19-B9C1-C8E57BA8AD16}.Release|x86.Deploy.0 = Release|x86
		{F62139DC-0882-4DF7-A9BD-DAECC2499C94}.Debug|Any CPU.ActiveCfg = Debug|Any CPU
		{F62139DC-0882-4DF7-A9BD-DAECC2499C94}.Debug|Any CPU.Build.0 = Debug|Any CPU
		{F62139DC-0882-4DF7-A9BD-DAECC2499C94}.Debug|ARM.ActiveCfg = Debug|Any CPU
		{F62139DC-0882-4DF7-A9BD-DAECC2499C94}.Debug|ARM.Build.0 = Debug|Any CPU
		{F62139DC-0882-4DF7-A9BD-DAECC2499C94}.Debug|iPhone.ActiveCfg = Debug|Any CPU
		{F62139DC-0882-4DF7-A9BD-DAECC2499C94}.Debug|iPhone.Build.0 = Debug|Any CPU
		{F62139DC-0882-4DF7-A9BD-DAECC2499C94}.Debug|iPhoneSimulator.ActiveCfg = Debug|Any CPU
		{F62139DC-0882-4DF7-A9BD-DAECC2499C94}.Debug|iPhoneSimulator.Build.0 = Debug|Any CPU
		{F62139DC-0882-4DF7-A9BD-DAECC2499C94}.Debug|x86.ActiveCfg = Debug|Any CPU
		{F62139DC-0882-4DF7-A9BD-DAECC2499C94}.Debug|x86.Build.0 = Debug|Any CPU
		{F62139DC-0882-4DF7-A9BD-DAECC2499C94}.Release|Any CPU.ActiveCfg = Release|Any CPU
		{F62139DC-0882-4DF7-A9BD-DAECC2499C94}.Release|Any CPU.Build.0 = Release|Any CPU
		{F62139DC-0882-4DF7-A9BD-DAECC2499C94}.Release|ARM.ActiveCfg = Release|Any CPU
		{F62139DC-0882-4DF7-A9BD-DAECC2499C94}.Release|ARM.Build.0 = Release|Any CPU
		{F62139DC-0882-4DF7-A9BD-DAECC2499C94}.Release|iPhone.ActiveCfg = Release|Any CPU
		{F62139DC-0882-4DF7-A9BD-DAECC2499C94}.Release|iPhone.Build.0 = Release|Any CPU
		{F62139DC-0882-4DF7-A9BD-DAECC2499C94}.Release|iPhoneSimulator.ActiveCfg = Release|Any CPU
		{F62139DC-0882-4DF7-A9BD-DAECC2499C94}.Release|iPhoneSimulator.Build.0 = Release|Any CPU
		{F62139DC-0882-4DF7-A9BD-DAECC2499C94}.Release|x86.ActiveCfg = Release|Any CPU
		{F62139DC-0882-4DF7-A9BD-DAECC2499C94}.Release|x86.Build.0 = Release|Any CPU
	EndGlobalSection
	GlobalSection(SolutionProperties) = preSolution
		HideSolutionNode = FALSE
	EndGlobalSection
EndGlobal
